
Microsoft Visual Studio Solution File, Format Version 12.00
# Visual Studio Version 17
VisualStudioVersion = 17.3.32804.467
MinimumVisualStudioVersion = 10.0.40219.1
Project("{FAE04EC0-301F-11D3-BF4B-00C04F79EFBC}") = "AlarmSystemSoundPlayer", "AlarmSystemSoundPlayer\AlarmSystemSoundPlayer.csproj", "{2F124CE7-DA9B-4F98-BD85-76CE9D6C6791}"
EndProject
Global
	GlobalSection(SolutionConfigurationPlatforms) = preSolution
		Debug|Any CPU = Debug|Any CPU
		Release|Any CPU = Release|Any CPU
	EndGlobalSection
	GlobalSection(ProjectConfigurationPlatforms) = postSolution
		{2F124CE7-DA9B-4F98-BD85-76CE9D6C6791}.Debug|Any CPU.ActiveCfg = Debug|Any CPU
		{2F124CE7-DA9B-4F98-BD85-76CE9D6C6791}.Debug|Any CPU.Build.0 = Debug|Any CPU
		{2F124CE7-DA9B-4F98-BD85-76CE9D6C6791}.Release|Any CPU.ActiveCfg = Release|Any CPU
		{2F124CE7-DA9B-4F98-BD85-76CE9D6C6791}.Release|Any CPU.Build.0 = Release|Any CPU
	EndGlobalSection
	GlobalSection(SolutionProperties) = preSolution
		HideSolutionNode = FALSE
	EndGlobalSection
	GlobalSection(ExtensibilityGlobals) = postSolution
		SolutionGuid = {2382AAFE-5635-4823-97CB-7FAAC4BB4AE1}
	EndGlobalSection
EndGlobal
